// !$*UTF8*$!
{
	archiveVersion = 1;
	classes = {
	};
	objectVersion = 47;
	objects = {

/* Begin PBXBuildFile section */
		244560BB19C8348300D2D177 /* main.m in Sources */ = {isa = PBXBuildFile; fileRef = 244560BA19C8348300D2D177 /* main.m */; };
		244560DC19C834AB00D2D177 /* icon.png in Resources */ = {isa = PBXBuildFile; fileRef = 244560DB19C834AB00D2D177 /* icon.png */; };
		244560DE19C834AF00D2D177 /* nmap in Resources */ = {isa = PBXBuildFile; fileRef = 244560DD19C834AF00D2D177 /* nmap */; };
		244560E119C834B400D2D177 /* Host.m in Sources */ = {isa = PBXBuildFile; fileRef = 244560E019C834B400D2D177 /* Host.m */; };
		244560E319C834B800D2D177 /* Images.xcassets in Resources */ = {isa = PBXBuildFile; fileRef = 244560E219C834B800D2D177 /* Images.xcassets */; };
		244560E819C834C600D2D177 /* AppDelegate.m in Sources */ = {isa = PBXBuildFile; fileRef = 244560E519C834C600D2D177 /* AppDelegate.m */; };
		244560E919C834C600D2D177 /* Tools.m in Sources */ = {isa = PBXBuildFile; fileRef = 244560E719C834C600D2D177 /* Tools.m */; };
		244560EE19C8350E00D2D177 /* MainMenu.xib in Resources */ = {isa = PBXBuildFile; fileRef = 244560ED19C8350E00D2D177 /* MainMenu.xib */; };
/* End PBXBuildFile section */

/* Begin PBXContainerItemProxy section */
		244560CC19C8348400D2D177 /* PBXContainerItemProxy */ = {
			isa = PBXContainerItemProxy;
			containerPortal = 244560AD19C8348300D2D177 /* Project object */;
			proxyType = 1;
			remoteGlobalIDString = 244560B419C8348300D2D177;
			remoteInfo = 4scan;
		};
/* End PBXContainerItemProxy section */

/* Begin PBXFileReference section */
		244560B919C8348300D2D177 /* Info.plist */ = {isa = PBXFileReference; lastKnownFileType = text.plist.xml; path = Info.plist; sourceTree = "<group>"; };
		244560BA19C8348300D2D177 /* main.m */ = {isa = PBXFileReference; lastKnownFileType = sourcecode.c.objc; path = main.m; sourceTree = "<group>"; };
		244560DB19C834AB00D2D177 /* icon.png */ = {isa = PBXFileReference; lastKnownFileType = image.png; name = icon.png; path = 4scan/icon.png; sourceTree = "<group>"; };
		244560DD19C834AF00D2D177 /* nmap */ = {isa = PBXFileReference; lastKnownFileType = "compiled.mach-o.executable"; name = nmap; path = 4scan/nmap; sourceTree = "<group>"; };
		244560DF19C834B400D2D177 /* Host.h */ = {isa = PBXFileReference; fileEncoding = 4; lastKnownFileType = sourcecode.c.h; path = Host.h; sourceTree = "<group>"; };
		244560E019C834B400D2D177 /* Host.m */ = {isa = PBXFileReference; fileEncoding = 4; lastKnownFileType = sourcecode.c.objc; path = Host.m; sourceTree = "<group>"; };
		244560E219C834B800D2D177 /* Images.xcassets */ = {isa = PBXFileReference; lastKnownFileType = folder.assetcatalog; name = Images.xcassets; path = 4scan/Images.xcassets; sourceTree = "<group>"; };
		244560E419C834C600D2D177 /* AppDelegate.h */ = {isa = PBXFileReference; fileEncoding = 4; lastKnownFileType = sourcecode.c.h; path = AppDelegate.h; sourceTree = "<group>"; };
		244560E519C834C600D2D177 /* AppDelegate.m */ = {isa = PBXFileReference; fileEncoding = 4; lastKnownFileType = sourcecode.c.objc; path = AppDelegate.m; sourceTree = "<group>"; };
		244560E619C834C600D2D177 /* Tools.h */ = {isa = PBXFileReference; fileEncoding = 4; lastKnownFileType = sourcecode.c.h; path = Tools.h; sourceTree = "<group>"; };
		244560E719C834C600D2D177 /* Tools.m */ = {isa = PBXFileReference; fileEncoding = 4; lastKnownFileType = sourcecode.c.objc; path = Tools.m; sourceTree = "<group>"; };
		244560ED19C8350E00D2D177 /* MainMenu.xib */ = {isa = PBXFileReference; fileEncoding = 4; lastKnownFileType = file.xib; path = MainMenu.xib; sourceTree = "<group>"; };
		AC5F53751BBDABB400A5A214 /* 4scan.app */ = {isa = PBXFileReference; explicitFileType = wrapper.application; includeInIndex = 0; path = 4scan.app; sourceTree = BUILT_PRODUCTS_DIR; };
		AC5F53761BBDABF200A5A214 /* 4scanTests.xctest */ = {isa = PBXFileReference; explicitFileType = wrapper.cfbundle; includeInIndex = 0; path = 4scanTests.xctest; sourceTree = BUILT_PRODUCTS_DIR; };
/* End PBXFileReference section */

/* Begin PBXFrameworksBuildPhase section */
		244560B219C8348300D2D177 /* Frameworks */ = {
			isa = PBXFrameworksBuildPhase;
			buildActionMask = 2147483647;
			files = (
			);
			runOnlyForDeploymentPostprocessing = 0;
		};
		244560C819C8348400D2D177 /* Frameworks */ = {
			isa = PBXFrameworksBuildPhase;
			buildActionMask = 2147483647;
			files = (
			);
			runOnlyForDeploymentPostprocessing = 0;
		};
/* End PBXFrameworksBuildPhase section */

/* Begin PBXGroup section */
		244560AC19C8348300D2D177 = {
			isa = PBXGroup;
			children = (
				244560E219C834B800D2D177 /* Images.xcassets */,
				244560ED19C8350E00D2D177 /* MainMenu.xib */,
				244560DD19C834AF00D2D177 /* nmap */,
				244560DB19C834AB00D2D177 /* icon.png */,
				244560B719C8348300D2D177 /* 4scan */,
				AC5F53751BBDABB400A5A214 /* 4scan.app */,
				AC5F53761BBDABF200A5A214 /* 4scanTests.xctest */,
			);
			sourceTree = "<group>";
		};
		244560B719C8348300D2D177 /* 4scan */ = {
			isa = PBXGroup;
			children = (
				244560E419C834C600D2D177 /* AppDelegate.h */,
				244560E519C834C600D2D177 /* AppDelegate.m */,
				244560E619C834C600D2D177 /* Tools.h */,
				244560E719C834C600D2D177 /* Tools.m */,
				244560DF19C834B400D2D177 /* Host.h */,
				244560E019C834B400D2D177 /* Host.m */,
				244560B819C8348300D2D177 /* Supporting Files */,
			);
			name = 4scan;
			path = 4scan;
			sourceTree = "<group>";
		};
		244560B819C8348300D2D177 /* Supporting Files */ = {
			isa = PBXGroup;
			children = (
				244560B919C8348300D2D177 /* Info.plist */,
				244560BA19C8348300D2D177 /* main.m */,
			);
			name = "Supporting Files";
			sourceTree = "<group>";
		};
/* End PBXGroup section */

/* Begin PBXNativeTarget section */
		244560B419C8348300D2D177 /* 4scan */ = {
			isa = PBXNativeTarget;
			buildConfigurationList = 244560D519C8348400D2D177 /* Build configuration list for PBXNativeTarget "4scan" */;
			buildPhases = (
				244560B119C8348300D2D177 /* Sources */,
				244560B219C8348300D2D177 /* Frameworks */,
				244560B319C8348300D2D177 /* Resources */,
			);
			buildRules = (
			);
			dependencies = (
			);
			name = 4scan;
			productName = 4scan;
			productReference = AC5F53751BBDABB400A5A214 /* 4scan.app */;
			productType = "com.apple.product-type.application";
		};
		244560CA19C8348400D2D177 /* 4scanTests */ = {
			isa = PBXNativeTarget;
			buildConfigurationList = 244560D819C8348400D2D177 /* Build configuration list for PBXNativeTarget "4scanTests" */;
			buildPhases = (
				244560C719C8348400D2D177 /* Sources */,
				244560C819C8348400D2D177 /* Frameworks */,
				244560C919C8348400D2D177 /* Resources */,
			);
			buildRules = (
			);
			dependencies = (
				244560CD19C8348400D2D177 /* PBXTargetDependency */,
			);
			name = 4scanTests;
			productName = 4scanTests;
			productReference = AC5F53761BBDABF200A5A214 /* 4scanTests.xctest */;
			productType = "com.apple.product-type.bundle.unit-test";
		};
/* End PBXNativeTarget section */

/* Begin PBXProject section */
		244560AD19C8348300D2D177 /* Project object */ = {
			isa = PBXProject;
			attributes = {
				LastUpgradeCheck = 0700;
				ORGANIZATIONNAME = R4phaB;
				TargetAttributes = {
					244560B419C8348300D2D177 = {
						CreatedOnToolsVersion = 6.0;
					};
					244560CA19C8348400D2D177 = {
						CreatedOnToolsVersion = 6.0;
						TestTargetID = 244560B419C8348300D2D177;
					};
				};
			};
			buildConfigurationList = 244560B019C8348300D2D177 /* Build configuration list for PBXProject "4scan" */;
			compatibilityVersion = "Xcode 6.3";
			developmentRegion = English;
			hasScannedForEncodings = 0;
			knownRegions = (
				en,
				Base,
			);
			mainGroup = 244560AC19C8348300D2D177;
			productRefGroup = 244560AC19C8348300D2D177;
			projectDirPath = "";
			projectRoot = "";
			targets = (
				244560B419C8348300D2D177 /* 4scan */,
				244560CA19C8348400D2D177 /* 4scanTests */,
			);
		};
/* End PBXProject section */

/* Begin PBXResourcesBuildPhase section */
		244560B319C8348300D2D177 /* Resources */ = {
			isa = PBXResourcesBuildPhase;
			buildActionMask = 2147483647;
			files = (
				244560E319C834B800D2D177 /* Images.xcassets in Resources */,
				244560DE19C834AF00D2D177 /* nmap in Resources */,
				244560DC19C834AB00D2D177 /* icon.png in Resources */,
				244560EE19C8350E00D2D177 /* MainMenu.xib in Resources */,
			);
			runOnlyForDeploymentPostprocessing = 0;
		};
		244560C919C8348400D2D177 /* Resources */ = {
			isa = PBXResourcesBuildPhase;
			buildActionMask = 2147483647;
			files = (
			);
			runOnlyForDeploymentPostprocessing = 0;
		};
/* End PBXResourcesBuildPhase section */

/* Begin PBXSourcesBuildPhase section */
		244560B119C8348300D2D177 /* Sources */ = {
			isa = PBXSourcesBuildPhase;
			buildActionMask = 2147483647;
			files = (
				244560BB19C8348300D2D177 /* main.m in Sources */,
				244560E119C834B400D2D177 /* Host.m in Sources */,
				244560E819C834C600D2D177 /* AppDelegate.m in Sources */,
				244560E919C834C600D2D177 /* Tools.m in Sources */,
			);
			runOnlyForDeploymentPostprocessing = 0;
		};
		244560C719C8348400D2D177 /* Sources */ = {
			isa = PBXSourcesBuildPhase;
			buildActionMask = 2147483647;
			files = (
			);
			runOnlyForDeploymentPostprocessing = 0;
		};
/* End PBXSourcesBuildPhase section */

/* Begin PBXTargetDependency section */
		244560CD19C8348400D2D177 /* PBXTargetDependency */ = {
			isa = PBXTargetDependency;
			target = 244560B419C8348300D2D177 /* 4scan */;
			targetProxy = 244560CC19C8348400D2D177 /* PBXContainerItemProxy */;
		};
/* End PBXTargetDependency section */

/* Begin XCBuildConfiguration section */
		244560D319C8348400D2D177 /* Debug */ = {
			isa = XCBuildConfiguration;
			buildSettings = {
				ALWAYS_SEARCH_USER_PATHS = NO;
				CLANG_CXX_LANGUAGE_STANDARD = "gnu++0x";
				CLANG_CXX_LIBRARY = "libc++";
				CLANG_ENABLE_MODULES = YES;
				CLANG_ENABLE_OBJC_ARC = YES;
				CLANG_WARN_BOOL_CONVERSION = YES;
				CLANG_WARN_CONSTANT_CONVERSION = YES;
				CLANG_WARN_DIRECT_OBJC_ISA_USAGE = YES_ERROR;
				CLANG_WARN_EMPTY_BODY = YES;
				CLANG_WARN_ENUM_CONVERSION = YES;
				CLANG_WARN_INT_CONVERSION = YES;
				CLANG_WARN_OBJC_ROOT_CLASS = YES_ERROR;
				CLANG_WARN_UNREACHABLE_CODE = YES;
				CLANG_WARN__DUPLICATE_METHOD_MATCH = YES;
				CODE_SIGN_IDENTITY = "-";
				COPY_PHASE_STRIP = NO;
				ENABLE_STRICT_OBJC_MSGSEND = YES;
				ENABLE_TESTABILITY = YES;
				GCC_C_LANGUAGE_STANDARD = gnu99;
				GCC_DYNAMIC_NO_PIC = NO;
				GCC_OPTIMIZATION_LEVEL = 0;
				GCC_PREPROCESSOR_DEFINITIONS = (
					"DEBUG=1",
					"$(inherited)",
				);
				GCC_SYMBOLS_PRIVATE_EXTERN = NO;
				GCC_WARN_64_TO_32_BIT_CONVERSION = YES;
				GCC_WARN_ABOUT_RETURN_TYPE = YES_ERROR;
				GCC_WARN_UNDECLARED_SELECTOR = YES;
				GCC_WARN_UNINITIALIZED_AUTOS = YES_AGGRESSIVE;
				GCC_WARN_UNUSED_FUNCTION = YES;
				GCC_WARN_UNUSED_VARIABLE = YES;
				MACOSX_DEPLOYMENT_TARGET = 10.8;
				MTL_ENABLE_DEBUG_INFO = YES;
				ONLY_ACTIVE_ARCH = YES;
				SDKROOT = macosx;
			};
			name = Debug;
		};
		244560D419C8348400D2D177 /* Release */ = {
			isa = XCBuildConfiguration;
			buildSettings = {
				ALWAYS_SEARCH_USER_PATHS = NO;
				CLANG_CXX_LANGUAGE_STANDARD = "gnu++0x";
				CLANG_CXX_LIBRARY = "libc++";
				CLANG_ENABLE_MODULES = YES;
				CLANG_ENABLE_OBJC_ARC = YES;
				CLANG_WARN_BOOL_CONVERSION = YES;
				CLANG_WARN_CONSTANT_CONVERSION = YES;
				CLANG_WARN_DIRECT_OBJC_ISA_USAGE = YES_ERROR;
				CLANG_WARN_EMPTY_BODY = YES;
				CLANG_WARN_ENUM_CONVERSION = YES;
				CLANG_WARN_INT_CONVERSION = YES;
				CLANG_WARN_OBJC_ROOT_CLASS = YES_ERROR;
				CLANG_WARN_UNREACHABLE_CODE = YES;
				CLANG_WARN__DUPLICATE_METHOD_MATCH = YES;
				CODE_SIGN_IDENTITY = "-";
				COPY_PHASE_STRIP = YES;
				DEBUG_INFORMATION_FORMAT = "dwarf-with-dsym";
				ENABLE_NS_ASSERTIONS = NO;
				ENABLE_STRICT_OBJC_MSGSEND = YES;
				GCC_C_LANGUAGE_STANDARD = gnu99;
				GCC_WARN_64_TO_32_BIT_CONVERSION = YES;
				GCC_WARN_ABOUT_RETURN_TYPE = YES_ERROR;
				GCC_WARN_UNDECLARED_SELECTOR = YES;
				GCC_WARN_UNINITIALIZED_AUTOS = YES_AGGRESSIVE;
				GCC_WARN_UNUSED_FUNCTION = YES;
				GCC_WARN_UNUSED_VARIABLE = YES;
				MACOSX_DEPLOYMENT_TARGET = 10.8;
				MTL_ENABLE_DEBUG_INFO = NO;
				SDKROOT = macosx;
			};
			name = Release;
		};
		244560D619C8348400D2D177 /* Debug */ = {
			isa = XCBuildConfiguration;
			buildSettings = {
				ASSETCATALOG_COMPILER_APPICON_NAME = AppIcon;
				COMBINE_HIDPI_IMAGES = YES;
				INFOPLIST_FILE = 4scan/Info.plist;
				LD_RUNPATH_SEARCH_PATHS = "$(inherited) @executable_path/../Frameworks";
				MACOSX_DEPLOYMENT_TARGET = 10.6;
				PRODUCT_BUNDLE_IDENTIFIER = R4phaB.4scan;
				PRODUCT_NAME = "$(TARGET_NAME)";
				SDKROOT = macosx;
			};
			name = Debug;
		};
		244560D719C8348400D2D177 /* Release */ = {
			isa = XCBuildConfiguration;
			buildSettings = {
				ASSETCATALOG_COMPILER_APPICON_NAME = AppIcon;
				COMBINE_HIDPI_IMAGES = YES;
				INFOPLIST_FILE = 4scan/Info.plist;
				LD_RUNPATH_SEARCH_PATHS = "$(inherited) @executable_path/../Frameworks";
				MACOSX_DEPLOYMENT_TARGET = 10.6;
				PRODUCT_BUNDLE_IDENTIFIER = R4phaB.4scan;
				PRODUCT_NAME = "$(TARGET_NAME)";
				SDKROOT = macosx;
			};
			name = Release;
		};
		244560D919C8348400D2D177 /* Debug */ = {
			isa = XCBuildConfiguration;
			buildSettings = {
				BUNDLE_LOADER = "$(TEST_HOST)";
				COMBINE_HIDPI_IMAGES = YES;
				FRAMEWORK_SEARCH_PATHS = (
					"$(DEVELOPER_FRAMEWORKS_DIR)",
					"$(inherited)",
				);
				GCC_PREPROCESSOR_DEFINITIONS = (
					"DEBUG=1",
					"$(inherited)",
				);
				INFOPLIST_FILE = Info.plist;
				LD_RUNPATH_SEARCH_PATHS = "$(inherited) @executable_path/../Frameworks @loader_path/../Frameworks";
				PRODUCT_BUNDLE_IDENTIFIER = "R4phaB.$(PRODUCT_NAME:rfc1034identifier)";
				PRODUCT_NAME = "$(TARGET_NAME)";
				TEST_HOST = "$(BUILT_PRODUCTS_DIR)/4scan.app/Contents/MacOS/4scan";
			};
			name = Debug;
		};
		244560DA19C8348400D2D177 /* Release */ = {
			isa = XCBuildConfiguration;
			buildSettings = {
				BUNDLE_LOADER = "$(TEST_HOST)";
				COMBINE_HIDPI_IMAGES = YES;
				FRAMEWORK_SEARCH_PATHS = (
					"$(DEVELOPER_FRAMEWORKS_DIR)",
					"$(inherited)",
				);
				INFOPLIST_FILE = Info.plist;
				LD_RUNPATH_SEARCH_PATHS = "$(inherited) @executable_path/../Frameworks @loader_path/../Frameworks";
				PRODUCT_BUNDLE_IDENTIFIER = "R4phaB.$(PRODUCT_NAME:rfc1034identifier)";
				PRODUCT_NAME = "$(TARGET_NAME)";
				TEST_HOST = "$(BUILT_PRODUCTS_DIR)/4scan.app/Contents/MacOS/4scan";
			};
			name = Release;
		};
/* End XCBuildConfiguration section */

/* Begin XCConfigurationList section */
		244560B019C8348300D2D177 /* Build configuration list for PBXProject "4scan" */ = {
			isa = XCConfigurationList;
			buildConfigurations = (
				244560D319C8348400D2D177 /* Debug */,
				244560D419C8348400D2D177 /* Release */,
			);
			defaultConfigurationIsVisible = 0;
			defaultConfigurationName = Release;
		};
		244560D519C8348400D2D177 /* Build configuration list for PBXNativeTarget "4scan" */ = {
			isa = XCConfigurationList;
			buildConfigurations = (
				244560D619C8348400D2D177 /* Debug */,
				244560D719C8348400D2D177 /* Release */,
			);
			defaultConfigurationIsVisible = 0;
			defaultConfigurationName = Release;
		};
		244560D819C8348400D2D177 /* Build configuration list for PBXNativeTarget "4scanTests" */ = {
			isa = XCConfigurationList;
			buildConfigurations = (
				244560D919C8348400D2D177 /* Debug */,
				244560DA19C8348400D2D177 /* Release */,
			);
			defaultConfigurationIsVisible = 0;
			defaultConfigurationName = Release;
		};
/* End XCConfigurationList section */
	};
	rootObject = 244560AD19C8348300D2D177 /* Project object */;
}
